
Microsoft Visual Studio Solution File, Format Version 12.00
# Visual Studio Version 17
VisualStudioVersion = 17.11.35312.102
MinimumVisualStudioVersion = 10.0.40219.1
Project("{FAE04EC0-301F-11D3-BF4B-00C04F79EFBC}") = "Final Project", "Final Project\Final Project.csproj", "{1BD1C24C-0A53-431E-9261-4F2E3DBC6DCA}"
EndProject
Project("{FAE04EC0-301F-11D3-BF4B-00C04F79EFBC}") = "MyApp.Models", "MyApp.Models\MyApp.Models.csproj", "{6E6A27A4-4680-4D6B-AC59-B74A9441E367}"
EndProject
Project("{FAE04EC0-301F-11D3-BF4B-00C04F79EFBC}") = "MyApp.DataAccess", "MyApp.DataAccess\MyApp.DataAccess.csproj", "{4D24BEB9-52C2-4342-9545-7C9AC3B76748}"
EndProject
Global
	GlobalSection(SolutionConfigurationPlatforms) = preSolution
		Debug|Any CPU = Debug|Any CPU
		Release|Any CPU = Release|Any CPU
	EndGlobalSection
	GlobalSection(ProjectConfigurationPlatforms) = postSolution
		{1BD1C24C-0A53-431E-9261-4F2E3DBC6DCA}.Debug|Any CPU.ActiveCfg = Debug|Any CPU
		{1BD1C24C-0A53-431E-9261-4F2E3DBC6DCA}.Debug|Any CPU.Build.0 = Debug|Any CPU
		{1BD1C24C-0A53-431E-9261-4F2E3DBC6DCA}.Release|Any CPU.ActiveCfg = Release|Any CPU
		{1BD1C24C-0A53-431E-9261-4F2E3DBC6DCA}.Release|Any CPU.Build.0 = Release|Any CPU
		{6E6A27A4-4680-4D6B-AC59-B74A9441E367}.Debug|Any CPU.ActiveCfg = Debug|Any CPU
		{6E6A27A4-4680-4D6B-AC59-B74A9441E367}.Debug|Any CPU.Build.0 = Debug|Any CPU
		{6E6A27A4-4680-4D6B-AC59-B74A9441E367}.Release|Any CPU.ActiveCfg = Release|Any CPU
		{6E6A27A4-4680-4D6B-AC59-B74A9441E367}.Release|Any CPU.Build.0 = Release|Any CPU
		{4D24BEB9-52C2-4342-9545-7C9AC3B76748}.Debug|Any CPU.ActiveCfg = Debug|Any CPU
		{4D24BEB9-52C2-4342-9545-7C9AC3B76748}.Debug|Any CPU.Build.0 = Debug|Any CPU
		{4D24BEB9-52C2-4342-9545-7C9AC3B76748}.Release|Any CPU.ActiveCfg = Release|Any CPU
		{4D24BEB9-52C2-4342-9545-7C9AC3B76748}.Release|Any CPU.Build.0 = Release|Any CPU
	EndGlobalSection
	GlobalSection(SolutionProperties) = preSolution
		HideSolutionNode = FALSE
	EndGlobalSection
	GlobalSection(ExtensibilityGlobals) = postSolution
		SolutionGuid = {02E49E4C-49CB-43A2-A1E7-AC1911677E4D}
	EndGlobalSection
EndGlobal
